
Microsoft Visual Studio Solution File, Format Version 12.00
Project("{FAE04EC0-301F-11D3-BF4B-00C04F79EFBC}") = "ThemeSupport", "ThemeSupport\ThemeSupport.csproj", "{204A9606-76D0-4A64-A84B-F99B62A8DC95}"
EndProject
Global
	GlobalSection(SolutionConfigurationPlatforms) = preSolution
		Debug|Any CPU = Debug|Any CPU
		Release|Any CPU = Release|Any CPU
	EndGlobalSection
	GlobalSection(ProjectConfigurationPlatforms) = postSolution
		{204A9606-76D0-4A64-A84B-F99B62A8DC95}.Debug|Any CPU.ActiveCfg = Debug|Any CPU
		{204A9606-76D0-4A64-A84B-F99B62A8DC95}.Debug|Any CPU.Build.0 = Debug|Any CPU
		{204A9606-76D0-4A64-A84B-F99B62A8DC95}.Release|Any CPU.ActiveCfg = Release|Any CPU
		{204A9606-76D0-4A64-A84B-F99B62A8DC95}.Release|Any CPU.Build.0 = Release|Any CPU
	EndGlobalSection
EndGlobal
